
Microsoft Visual Studio Solution File, Format Version 12.00
# Visual Studio 2012
Project("{2150E333-8FDC-42A3-9474-1A3956D46DE8}") = "Sinowyde.Common", "Sinowyde.Common", "{DD1026D1-F7D1-457A-A027-2F29D828DB2F}"
EndProject
Project("{2150E333-8FDC-42A3-9474-1A3956D46DE8}") = "Sinowyde.DOP.Communication", "Sinowyde.DOP.Communication", "{6EF9F543-6B59-4675-82F7-086BA4854E19}"
EndProject
Project("{2150E333-8FDC-42A3-9474-1A3956D46DE8}") = "Sinowyde.DOP.Data", "Sinowyde.DOP.Data", "{4BDCE3ED-5BEB-4E4C-A99E-32FDA15BADA9}"
EndProject
Project("{2150E333-8FDC-42A3-9474-1A3956D46DE8}") = "Sinowyde.DOP.PIDAlgorithms", "Sinowyde.DOP.PIDAlgorithms", "{CD33CE8C-0B49-46E1-9E0E-8B5AB10B6411}"
EndProject
Project("{2150E333-8FDC-42A3-9474-1A3956D46DE8}") = "Sinowyde.DOP.PIDBlocks", "Sinowyde.DOP.PIDBlocks", "{12C78F8C-87CA-495C-97FD-FAC40A82BAAD}"
EndProject
Project("{FAE04EC0-301F-11D3-BF4B-00C04F79EFBC}") = "Sinowyde.DataLogic", "..\..\Common\Solution\Sinowyde.DataLogic\Sinowyde.DataLogic.csproj", "{B6D22F2A-E93C-4042-9636-C23524111452}"
EndProject
Project("{FAE04EC0-301F-11D3-BF4B-00C04F79EFBC}") = "Sinowyde.DataModel", "..\..\Common\Solution\Sinowyde.DataModel\Sinowyde.DataModel.csproj", "{AA3D8E8D-312A-4075-89CB-09822E75F75F}"
EndProject
Project("{FAE04EC0-301F-11D3-BF4B-00C04F79EFBC}") = "Sinowyde.DBException", "..\..\Common\Solution\Sinowyde.DBException\Sinowyde.DBException.csproj", "{AE0F4058-FA9E-4BF4-A95F-4F0C71FF1B9A}"
EndProject
Project("{FAE04EC0-301F-11D3-BF4B-00C04F79EFBC}") = "Sinowyde.Log", "..\..\Common\Solution\Sinowyde.Log\Sinowyde.Log.csproj", "{2BA2DF95-0D3C-4FB4-8D0A-FCE6C742FB82}"
EndProject
Project("{FAE04EC0-301F-11D3-BF4B-00C04F79EFBC}") = "Sinowyde.RTModel", "..\..\Common\Solution\Sinowyde.RtModel\Sinowyde.RTModel.csproj", "{770F76DF-A232-40CE-9353-DDBD67669D3E}"
EndProject
Project("{FAE04EC0-301F-11D3-BF4B-00C04F79EFBC}") = "Sinowyde.Util", "..\..\Common\Solution\Sinowyde.Util\Sinowyde.Util.csproj", "{529550D8-4877-434A-83CE-4EEB1F6B1F9C}"
EndProject
Project("{FAE04EC0-301F-11D3-BF4B-00C04F79EFBC}") = "Sinowyde.Communication", "..\..\Common\Solution\Sinowyde.Communication\Sinowyde.Communication.csproj", "{DB2FFBD8-91CF-49E3-8B67-20744E71348A}"
EndProject
Project("{FAE04EC0-301F-11D3-BF4B-00C04F79EFBC}") = "Sinowyde.DOP.DataModel", "Sinowyde.DOP.DataModel\Sinowyde.DOP.DataModel.csproj", "{433DEFAA-990D-470D-9751-959D594B5338}"
EndProject
Project("{FAE04EC0-301F-11D3-BF4B-00C04F79EFBC}") = "Sinowyde.DOP.DataLogic", "Sinowyde.DOP.DataLogic\Sinowyde.DOP.DataLogic.csproj", "{CC5AA595-01E0-485A-8D88-541C30755680}"
EndProject
Project("{FAE04EC0-301F-11D3-BF4B-00C04F79EFBC}") = "Sinowyde.DOP.Alarm.Control", "Sinowyde.DOP.Alarm.Control\Sinowyde.DOP.Alarm.Control.csproj", "{F1151B5E-5FE7-4B4F-9931-DDDE535D0F57}"
EndProject
Project("{FAE04EC0-301F-11D3-BF4B-00C04F79EFBC}") = "Sinowyde.DOP.Alarm.Server", "Sinowyde.DOP.Alarm.Server\Sinowyde.DOP.Alarm.Server.csproj", "{E6F190DD-A2D3-4A79-B480-A3E5A758B3A9}"
EndProject
Project("{FAE04EC0-301F-11D3-BF4B-00C04F79EFBC}") = "Sinowyde.DOP.Broker.Server", "Sinowyde.DOP.Broker.Server\Sinowyde.DOP.Broker.Server.csproj", "{37E6252E-1A2A-42E8-ADB1-C56258B851FC}"
EndProject
Project("{FAE04EC0-301F-11D3-BF4B-00C04F79EFBC}") = "Sinowyde.DOP.DataBus", "Sinowyde.DOP.DataBus\Sinowyde.DOP.DataBus.csproj", "{96F7F144-6E49-4ED8-998F-CB95A7AB81E3}"
EndProject
Project("{FAE04EC0-301F-11D3-BF4B-00C04F79EFBC}") = "Sinowyde.DOP.DataBus.Test", "Sinowyde.DOP.DataBus.Test\Sinowyde.DOP.DataBus.Test.csproj", "{3440E4A9-2B50-4E25-A7D1-4D9D66E6FDDF}"
EndProject
Project("{FAE04EC0-301F-11D3-BF4B-00C04F79EFBC}") = "Sinowyde.DOP.DataModel.Control", "Sinowyde.DOP.DataModel.Control\Sinowyde.DOP.DataModel.Control.csproj", "{7C2D4C81-4860-4A16-B6A5-CF46B135A22B}"
EndProject
Project("{FAE04EC0-301F-11D3-BF4B-00C04F79EFBC}") = "Sinowyde.DOP.DataSchema.Console", "Sinowyde.DOP.DataSchema.Console\Sinowyde.DOP.DataSchema.Console.csproj", "{706DDB3D-29C2-49E0-9D52-0DA38162FE32}"
EndProject
Project("{FAE04EC0-301F-11D3-BF4B-00C04F79EFBC}") = "Sinowyde.DOP.HisData.Server", "Sinowyde.DOP.HisData.Server\Sinowyde.DOP.HisData.Server.csproj", "{65811BA7-8389-4760-83C3-AC8246B75A46}"
EndProject
Project("{FAE04EC0-301F-11D3-BF4B-00C04F79EFBC}") = "Sinowyde.DOP.Trend.Control", "Sinowyde.DOP.Trend.Control\Sinowyde.DOP.Trend.Control.csproj", "{661D78BD-3704-4A91-B9D0-EA702CC259D7}"
EndProject
Project("{FAE04EC0-301F-11D3-BF4B-00C04F79EFBC}") = "Sinowyde.DOP.PIDAlgorithm", "Sinowyde.DOP.PIDAlgorithm\Sinowyde.DOP.PIDAlgorithm.csproj", "{D6326EFC-EB44-4492-8EF7-7AE91768D78B}"
EndProject
Project("{FAE04EC0-301F-11D3-BF4B-00C04F79EFBC}") = "Sinowyde.DOP.PIDAlgorithm.Choice", "Sinowyde.DOP.PIDAlgorithm.Choice\Sinowyde.DOP.PIDAlgorithm.Choice.csproj", "{24A8A22F-A66E-4229-8A02-0FBF1437D35A}"
EndProject
Project("{FAE04EC0-301F-11D3-BF4B-00C04F79EFBC}") = "Sinowyde.DOP.PIDAlgorithm.Control", "Sinowyde.DOP.PIDAlgorithm.Control\Sinowyde.DOP.PIDAlgorithm.Control.csproj", "{5090E4A1-B850-490C-838E-C65B6829164B}"
EndProject
Project("{FAE04EC0-301F-11D3-BF4B-00C04F79EFBC}") = "Sinowyde.DOP.PIDAlgorithm.DB", "Sinowyde.DOP.PIDAlgorithm.DB\Sinowyde.DOP.PIDAlgorithm.DB.csproj", "{3EAF9243-361C-49F9-8745-119475A59864}"
EndProject
Project("{FAE04EC0-301F-11D3-BF4B-00C04F79EFBC}") = "Sinowyde.DOP.PIDAlgorithm.IO", "Sinowyde.DOP.PIDAlgorithm.IO\Sinowyde.DOP.PIDAlgorithm.IO.csproj", "{5972A63E-7A10-4C0E-8C51-479DFAC93C3A}"
EndProject
Project("{FAE04EC0-301F-11D3-BF4B-00C04F79EFBC}") = "Sinowyde.DOP.PIDAlgorithm.Linearity", "Sinowyde.DOP.PIDAlgorithm.Linearity\Sinowyde.DOP.PIDAlgorithm.Linearity.csproj", "{6D781562-4782-48E8-BB9B-8AB04E4D2060}"
EndProject
Project("{FAE04EC0-301F-11D3-BF4B-00C04F79EFBC}") = "Sinowyde.DOP.PIDAlgorithm.Logic", "Sinowyde.DOP.PIDAlgorithm.Logic\Sinowyde.DOP.PIDAlgorithm.Logic.csproj", "{4F0882CC-8C17-4FC4-AF95-7D1CBF8198AA}"
EndProject
Project("{FAE04EC0-301F-11D3-BF4B-00C04F79EFBC}") = "Sinowyde.DOP.PIDAlgorithm.Math", "Sinowyde.DOP.PIDAlgorithm.Math\Sinowyde.DOP.PIDAlgorithm.Math.csproj", "{BB20C710-A278-46C3-9752-7037CABA9005}"
EndProject
Project("{FAE04EC0-301F-11D3-BF4B-00C04F79EFBC}") = "Sinowyde.DOP.PIDAlgorithm.Nonlinearity", "Sinowyde.DOP.PIDAlgorithm.Nonlinearity\Sinowyde.DOP.PIDAlgorithm.Nonlinearity.csproj", "{C6D0CBDE-6E3B-4E59-83EB-D1E5298AF4D6}"
EndProject
Project("{FAE04EC0-301F-11D3-BF4B-00C04F79EFBC}") = "Sinowyde.DOP.PIDBlock.Signal", "Sinowyde.DOP.PIDBlock.Signal\Sinowyde.DOP.PIDBlock.Signal.csproj", "{F9A7E18B-EAB0-4364-AE3E-B91860B83552}"
EndProject
Project("{FAE04EC0-301F-11D3-BF4B-00C04F79EFBC}") = "Sinowyde.DOP.PIDAlgorithm.Special", "Sinowyde.DOP.PIDAlgorithm.Special\Sinowyde.DOP.PIDAlgorithm.Special.csproj", "{1B1AB8EB-2C71-401F-A78A-21B650A5F5E9}"
EndProject
Project("{FAE04EC0-301F-11D3-BF4B-00C04F79EFBC}") = "Sinowyde.DOP.PIDAlgorithm.Time", "Sinowyde.DOP.PIDAlgorithm.Time\Sinowyde.DOP.PIDAlgorithm.Time.csproj", "{BF7FBAA8-6BE5-4436-BF23-735C368E87BA}"
EndProject
Project("{FAE04EC0-301F-11D3-BF4B-00C04F79EFBC}") = "Sinowyde.DOP.PIDBlock", "Sinowyde.DOP.PIDBlock\Sinowyde.DOP.PIDBlock.csproj", "{5BD90716-DD9B-4CE6-8AFF-22A51E71646A}"
EndProject
Project("{FAE04EC0-301F-11D3-BF4B-00C04F79EFBC}") = "Sinowyde.DOP.PIDBlock.Choice", "Sinowyde.DOP.PIDBlock.Choice\Sinowyde.DOP.PIDBlock.Choice.csproj", "{E59EAD48-A3B7-4C81-B474-CD00DFE20034}"
EndProject
Project("{FAE04EC0-301F-11D3-BF4B-00C04F79EFBC}") = "Sinowyde.DOP.PIDBlock.Control", "Sinowyde.DOP.PIDBlock.Control\Sinowyde.DOP.PIDBlock.Control.csproj", "{A06DF608-FD30-4853-9529-CD6068F3B984}"
EndProject
Project("{FAE04EC0-301F-11D3-BF4B-00C04F79EFBC}") = "Sinowyde.DOP.PIDBlock.IO", "Sinowyde.DOP.PIDBlock.IO\Sinowyde.DOP.PIDBlock.IO.csproj", "{E42948E9-1015-424C-A35D-711FD637D8E7}"
EndProject
Project("{FAE04EC0-301F-11D3-BF4B-00C04F79EFBC}") = "Sinowyde.DOP.PIDBlock.Linearity", "Sinowyde.DOP.PIDBlock.Linearity\Sinowyde.DOP.PIDBlock.Linearity.csproj", "{4B1B1C79-846F-47FC-B4D4-14C020861E48}"
EndProject
Project("{FAE04EC0-301F-11D3-BF4B-00C04F79EFBC}") = "Sinowyde.DOP.PIDBlock.Logic", "Sinowyde.DOP.PIDBlock.Logic\Sinowyde.DOP.PIDBlock.Logic.csproj", "{BC16A3F4-5F89-4C82-93A3-C19B19F4C02E}"
EndProject
Project("{FAE04EC0-301F-11D3-BF4B-00C04F79EFBC}") = "Sinowyde.DOP.PIDBlock.Math", "Sinowyde.DOP.PIDBlock.Maths\Sinowyde.DOP.PIDBlock.Math.csproj", "{7DE52FB6-CD91-46F1-BAA4-A6A4CA7DFA76}"
EndProject
Project("{FAE04EC0-301F-11D3-BF4B-00C04F79EFBC}") = "Sinowyde.DOP.PIDBlock.Nonlinearity", "Sinowyde.DOP.PIDBlock.Nonlinearity\Sinowyde.DOP.PIDBlock.Nonlinearity.csproj", "{FCACDD12-1D37-4EA3-ACBF-211319D8C503}"
EndProject
Project("{FAE04EC0-301F-11D3-BF4B-00C04F79EFBC}") = "Sinowyde.DOP.PIDBlock.Special", "Sinowyde.DOP.PIDBlock.Special\Sinowyde.DOP.PIDBlock.Special.csproj", "{CFA3DE3A-3287-4F03-ACB9-B76BE42C1656}"
EndProject
Project("{FAE04EC0-301F-11D3-BF4B-00C04F79EFBC}") = "Sinowyde.DOP.PIDBlock.Test2", "Sinowyde.DOP.PIDBlock.Test2\Sinowyde.DOP.PIDBlock.Test2.csproj", "{A39749D4-3A87-4359-BF48-F626BC6F1885}"
EndProject
Project("{FAE04EC0-301F-11D3-BF4B-00C04F79EFBC}") = "Sinowyde.DOP.PIDBlock.Time", "Sinowyde.DOP.PIDBlock.Time\Sinowyde.DOP.PIDBlock.Time.csproj", "{F83F617C-61AE-4F41-BF8C-68ADB250858A}"
EndProject
Project("{FAE04EC0-301F-11D3-BF4B-00C04F79EFBC}") = "Sinowyde.DOP.PIDBlock.UserCtrl", "Sinowyde.DOP.PIDBlock.UserCtrl\Sinowyde.DOP.PIDBlock.UserCtrl.csproj", "{42D59EEE-9F04-423A-881F-A33B78762629}"
EndProject
Project("{FAE04EC0-301F-11D3-BF4B-00C04F79EFBC}") = "Sinowyde.DOP.SamaEngine.Server", "Sinowyde.DOP.SamaEngine.Server\Sinowyde.DOP.SamaEngine.Server.csproj", "{536C2ADD-2BBB-453E-AC17-3D87B2595BBB}"
EndProject
Project("{FAE04EC0-301F-11D3-BF4B-00C04F79EFBC}") = "Sinowyde.DOP.UI", "Sinowyde.DOP.UI\Sinowyde.DOP.UI.csproj", "{6F8DF2BA-7BB4-4A6D-8FB3-7140712F938E}"
EndProject
Project("{FAE04EC0-301F-11D3-BF4B-00C04F79EFBC}") = "Sinowyde.ConsoleApplication", "Sinowyde.ConsoleApplication\Sinowyde.ConsoleApplication.csproj", "{2CF23060-8E1B-4858-AD69-834ED4E64C6C}"
EndProject
Project("{FAE04EC0-301F-11D3-BF4B-00C04F79EFBC}") = "Sinowyde.DOP.Driver", "Sinowyde.DOP.Driver\Sinowyde.DOP.Driver.csproj", "{82243195-2482-476D-8041-7DAB5A0A64A3}"
EndProject
Project("{FAE04EC0-301F-11D3-BF4B-00C04F79EFBC}") = "Sinowyde.DOP.IO.Server", "Sinowyde.DOP.IO.Server\Sinowyde.DOP.IO.Server.csproj", "{4EBC0F5D-09AF-415F-AC99-013432DC28D8}"
EndProject
Project("{FAE04EC0-301F-11D3-BF4B-00C04F79EFBC}") = "Sinowyde.Common.UI", "Sinowyde.Common.UI\Sinowyde.Common.UI.csproj", "{86A7B04B-EE1A-4797-BAEC-E282578DF169}"
EndProject
Project("{FAE04EC0-301F-11D3-BF4B-00C04F79EFBC}") = "Sinowyde.DOP.PIDAlgorithm.Signal", "Sinowyde.DOP.PIDAlgorithm.Signal\Sinowyde.DOP.PIDAlgorithm.Signal.csproj", "{EA04D9CF-EDB8-4C83-B8B4-08EB1ECBB270}"
EndProject
Project("{FAE04EC0-301F-11D3-BF4B-00C04F79EFBC}") = "Sinowyde.DOP.DTProxy", "Sinowyde.DOP.DTProxy\Sinowyde.DOP.DTProxy.csproj", "{E95D2D7F-9972-4B2F-AF56-85330EA82D42}"
EndProject
Project("{FAE04EC0-301F-11D3-BF4B-00C04F79EFBC}") = "Sinowyde.DOP.RTData.Control", "Sinowyde.DOP.RTData.Control\Sinowyde.DOP.RTData.Control.csproj", "{63F229C3-9907-4BB7-B3CC-054469D66B09}"
EndProject
Project("{FAE04EC0-301F-11D3-BF4B-00C04F79EFBC}") = "Sinowyde.DevDataSource", "..\..\Common\Solution\Sinowyde.DevDataSource\Sinowyde.DevDataSource.csproj", "{05217F7D-9E2B-490B-AA91-09A0EC34821A}"
EndProject
Project("{FAE04EC0-301F-11D3-BF4B-00C04F79EFBC}") = "Sinowyde.DOP.Communication", "Sinowyde.DOP.Conmmunication\Sinowyde.DOP.Communication.csproj", "{8EFFAA63-4822-403E-BAF6-FB35AC101904}"
EndProject
Project("{FAE04EC0-301F-11D3-BF4B-00C04F79EFBC}") = "Sinowyde.Driver", "..\..\Common\Solution\Sinowyde.Driver\Sinowyde.Driver.csproj", "{3BA60AE2-1CB1-4A63-8110-D5DD3F73B21E}"
EndProject
Project("{FAE04EC0-301F-11D3-BF4B-00C04F79EFBC}") = "Sinowyde.DOP.Sim", "Sinowyde.DOP.Sim\Sinowyde.DOP.Sim.csproj", "{FAAA5DDC-9D51-4D24-B0EF-5989D9E903CC}"
EndProject
Project("{FAE04EC0-301F-11D3-BF4B-00C04F79EFBC}") = "Sinowyde.DOP.PIDBlock.Xml", "Sinowyde.DOP.PIDBlock.Xml\Sinowyde.DOP.PIDBlock.Xml.csproj", "{6597CFFF-A4B8-42A2-8987-6DBAD6856028}"
EndProject
Project("{FAE04EC0-301F-11D3-BF4B-00C04F79EFBC}") = "Sinowyde.Zip", "..\..\Common\Solution\Sinowyde.Zip\Sinowyde.Zip.csproj", "{3E47FFB6-2E22-4CB0-B213-EBB124C2D819}"
EndProject
Project("{FAE04EC0-301F-11D3-BF4B-00C04F79EFBC}") = "Sinowyde.DOP.Sama.Control", "Sinowyde.DOP.Sama.Control\Sinowyde.DOP.Sama.Control.csproj", "{905D964D-0331-4005-8D6A-6DFD277E930A}"
EndProject
Project("{FAE04EC0-301F-11D3-BF4B-00C04F79EFBC}") = "Sinowyde.DOP.PIDBlock.Env", "Sinowyde.DOP.PIDBlock.Env\Sinowyde.DOP.PIDBlock.Env.csproj", "{DC322E6C-7E51-4AE8-8466-C02D2D3A3856}"
EndProject
Project("{2150E333-8FDC-42A3-9474-1A3956D46DE8}") = "Sinowyde.DOP.Graph", "Sinowyde.DOP.Graph", "{72F73AEA-13FC-4F77-A94B-787EE1514A0A}"
EndProject
Project("{FAE04EC0-301F-11D3-BF4B-00C04F79EFBC}") = "Sinowyde.DOP.Graph", "Sinowyde.DOP.Graph\Sinowyde.DOP.Graph.csproj", "{90380728-1682-45EA-9981-9165A75B494E}"
EndProject
Project("{FAE04EC0-301F-11D3-BF4B-00C04F79EFBC}") = "Sinowyde.DOP.Graph.DB", "Sinowyde.DOP.Graph.DB\Sinowyde.DOP.Graph.DB.csproj", "{505EA738-653F-47A7-8492-F557533B209F}"
EndProject
Project("{FAE04EC0-301F-11D3-BF4B-00C04F79EFBC}") = "Sinowyde.DOP.Graph.Xml", "Sinowyde.DOP.Graph.Xml\Sinowyde.DOP.Graph.Xml.csproj", "{4C48DC39-CE98-4907-9A75-AFD84FA29AAE}"
EndProject
Project("{FAE04EC0-301F-11D3-BF4B-00C04F79EFBC}") = "Sinowyde.DOP.GraphicElement", "Sinowyde.DOP.GraphicElement\Sinowyde.DOP.GraphicElement.csproj", "{FE7F4914-CE03-4A10-93FA-91D4801FAF3D}"
EndProject
Project("{FAE04EC0-301F-11D3-BF4B-00C04F79EFBC}") = "Sinowyde.DOP.GraphicElement.Base", "Sinowyde.DOP.GraphicElement.Base\Sinowyde.DOP.GraphicElement.Base.csproj", "{314921B8-4023-43AA-B122-5B06E95E8C85}"
EndProject
Project("{FAE04EC0-301F-11D3-BF4B-00C04F79EFBC}") = "Sinowyde.DOP.Group.Control", "Sinowyde.DOP.Group.Control\Sinowyde.DOP.Group.Control.csproj", "{4283F1EB-605B-4853-A5DB-4CFFD6D7951A}"
EndProject
Global
	GlobalSection(SolutionConfigurationPlatforms) = preSolution
		Debug|Any CPU = Debug|Any CPU
		Release|Any CPU = Release|Any CPU
	EndGlobalSection
	GlobalSection(ProjectConfigurationPlatforms) = postSolution
		{B6D22F2A-E93C-4042-9636-C23524111452}.Debug|Any CPU.ActiveCfg = Debug|Any CPU
		{B6D22F2A-E93C-4042-9636-C23524111452}.Debug|Any CPU.Build.0 = Debug|Any CPU
		{B6D22F2A-E93C-4042-9636-C23524111452}.Release|Any CPU.ActiveCfg = Release|Any CPU
		{B6D22F2A-E93C-4042-9636-C23524111452}.Release|Any CPU.Build.0 = Release|Any CPU
		{AA3D8E8D-312A-4075-89CB-09822E75F75F}.Debug|Any CPU.ActiveCfg = Debug|Any CPU
		{AA3D8E8D-312A-4075-89CB-09822E75F75F}.Debug|Any CPU.Build.0 = Debug|Any CPU
		{AA3D8E8D-312A-4075-89CB-09822E75F75F}.Release|Any CPU.ActiveCfg = Release|Any CPU
		{AA3D8E8D-312A-4075-89CB-09822E75F75F}.Release|Any CPU.Build.0 = Release|Any CPU
		{AE0F4058-FA9E-4BF4-A95F-4F0C71FF1B9A}.Debug|Any CPU.ActiveCfg = Debug|Any CPU
		{AE0F4058-FA9E-4BF4-A95F-4F0C71FF1B9A}.Debug|Any CPU.Build.0 = Debug|Any CPU
		{AE0F4058-FA9E-4BF4-A95F-4F0C71FF1B9A}.Release|Any CPU.ActiveCfg = Release|Any CPU
		{AE0F4058-FA9E-4BF4-A95F-4F0C71FF1B9A}.Release|Any CPU.Build.0 = Release|Any CPU
		{2BA2DF95-0D3C-4FB4-8D0A-FCE6C742FB82}.Debug|Any CPU.ActiveCfg = Debug|Any CPU
		{2BA2DF95-0D3C-4FB4-8D0A-FCE6C742FB82}.Debug|Any CPU.Build.0 = Debug|Any CPU
		{2BA2DF95-0D3C-4FB4-8D0A-FCE6C742FB82}.Release|Any CPU.ActiveCfg = Release|Any CPU
		{2BA2DF95-0D3C-4FB4-8D0A-FCE6C742FB82}.Release|Any CPU.Build.0 = Release|Any CPU
		{770F76DF-A232-40CE-9353-DDBD67669D3E}.Debug|Any CPU.ActiveCfg = Debug|Any CPU
		{770F76DF-A232-40CE-9353-DDBD67669D3E}.Debug|Any CPU.Build.0 = Debug|Any CPU
		{770F76DF-A232-40CE-9353-DDBD67669D3E}.Release|Any CPU.ActiveCfg = Release|Any CPU
		{770F76DF-A232-40CE-9353-DDBD67669D3E}.Release|Any CPU.Build.0 = Release|Any CPU
		{529550D8-4877-434A-83CE-4EEB1F6B1F9C}.Debug|Any CPU.ActiveCfg = Debug|Any CPU
		{529550D8-4877-434A-83CE-4EEB1F6B1F9C}.Debug|Any CPU.Build.0 = Debug|Any CPU
		{529550D8-4877-434A-83CE-4EEB1F6B1F9C}.Release|Any CPU.ActiveCfg = Release|Any CPU
		{529550D8-4877-434A-83CE-4EEB1F6B1F9C}.Release|Any CPU.Build.0 = Release|Any CPU
		{DB2FFBD8-91CF-49E3-8B67-20744E71348A}.Debug|Any CPU.ActiveCfg = Debug|Any CPU
		{DB2FFBD8-91CF-49E3-8B67-20744E71348A}.Debug|Any CPU.Build.0 = Debug|Any CPU
		{DB2FFBD8-91CF-49E3-8B67-20744E71348A}.Release|Any CPU.ActiveCfg = Release|Any CPU
		{DB2FFBD8-91CF-49E3-8B67-20744E71348A}.Release|Any CPU.Build.0 = Release|Any CPU
		{433DEFAA-990D-470D-9751-959D594B5338}.Debug|Any CPU.ActiveCfg = Debug|Any CPU
		{433DEFAA-990D-470D-9751-959D594B5338}.Debug|Any CPU.Build.0 = Debug|Any CPU
		{433DEFAA-990D-470D-9751-959D594B5338}.Release|Any CPU.ActiveCfg = Release|Any CPU
		{433DEFAA-990D-470D-9751-959D594B5338}.Release|Any CPU.Build.0 = Release|Any CPU
		{CC5AA595-01E0-485A-8D88-541C30755680}.Debug|Any CPU.ActiveCfg = Debug|Any CPU
		{CC5AA595-01E0-485A-8D88-541C30755680}.Debug|Any CPU.Build.0 = Debug|Any CPU
		{CC5AA595-01E0-485A-8D88-541C30755680}.Release|Any CPU.ActiveCfg = Release|Any CPU
		{CC5AA595-01E0-485A-8D88-541C30755680}.Release|Any CPU.Build.0 = Release|Any CPU
		{F1151B5E-5FE7-4B4F-9931-DDDE535D0F57}.Debug|Any CPU.ActiveCfg = Debug|Any CPU
		{F1151B5E-5FE7-4B4F-9931-DDDE535D0F57}.Debug|Any CPU.Build.0 = Debug|Any CPU
		{F1151B5E-5FE7-4B4F-9931-DDDE535D0F57}.Release|Any CPU.ActiveCfg = Release|Any CPU
		{F1151B5E-5FE7-4B4F-9931-DDDE535D0F57}.Release|Any CPU.Build.0 = Release|Any CPU
		{E6F190DD-A2D3-4A79-B480-A3E5A758B3A9}.Debug|Any CPU.ActiveCfg = Debug|Any CPU
		{E6F190DD-A2D3-4A79-B480-A3E5A758B3A9}.Debug|Any CPU.Build.0 = Debug|Any CPU
		{E6F190DD-A2D3-4A79-B480-A3E5A758B3A9}.Release|Any CPU.ActiveCfg = Release|Any CPU
		{E6F190DD-A2D3-4A79-B480-A3E5A758B3A9}.Release|Any CPU.Build.0 = Release|Any CPU
		{37E6252E-1A2A-42E8-ADB1-C56258B851FC}.Debug|Any CPU.ActiveCfg = Debug|Any CPU
		{37E6252E-1A2A-42E8-ADB1-C56258B851FC}.Debug|Any CPU.Build.0 = Debug|Any CPU
		{37E6252E-1A2A-42E8-ADB1-C56258B851FC}.Release|Any CPU.ActiveCfg = Release|Any CPU
		{37E6252E-1A2A-42E8-ADB1-C56258B851FC}.Release|Any CPU.Build.0 = Release|Any CPU
		{96F7F144-6E49-4ED8-998F-CB95A7AB81E3}.Debug|Any CPU.ActiveCfg = Debug|Any CPU
		{96F7F144-6E49-4ED8-998F-CB95A7AB81E3}.Debug|Any CPU.Build.0 = Debug|Any CPU
		{96F7F144-6E49-4ED8-998F-CB95A7AB81E3}.Release|Any CPU.ActiveCfg = Release|Any CPU
		{96F7F144-6E49-4ED8-998F-CB95A7AB81E3}.Release|Any CPU.Build.0 = Release|Any CPU
		{3440E4A9-2B50-4E25-A7D1-4D9D66E6FDDF}.Debug|Any CPU.ActiveCfg = Debug|Any CPU
		{3440E4A9-2B50-4E25-A7D1-4D9D66E6FDDF}.Debug|Any CPU.Build.0 = Debug|Any CPU
		{3440E4A9-2B50-4E25-A7D1-4D9D66E6FDDF}.Release|Any CPU.ActiveCfg = Release|Any CPU
		{3440E4A9-2B50-4E25-A7D1-4D9D66E6FDDF}.Release|Any CPU.Build.0 = Release|Any CPU
		{7C2D4C81-4860-4A16-B6A5-CF46B135A22B}.Debug|Any CPU.ActiveCfg = Debug|Any CPU
		{7C2D4C81-4860-4A16-B6A5-CF46B135A22B}.Debug|Any CPU.Build.0 = Debug|Any CPU
		{7C2D4C81-4860-4A16-B6A5-CF46B135A22B}.Release|Any CPU.ActiveCfg = Release|Any CPU
		{7C2D4C81-4860-4A16-B6A5-CF46B135A22B}.Release|Any CPU.Build.0 = Release|Any CPU
		{706DDB3D-29C2-49E0-9D52-0DA38162FE32}.Debug|Any CPU.ActiveCfg = Debug|Any CPU
		{706DDB3D-29C2-49E0-9D52-0DA38162FE32}.Debug|Any CPU.Build.0 = Debug|Any CPU
		{706DDB3D-29C2-49E0-9D52-0DA38162FE32}.Release|Any CPU.ActiveCfg = Release|Any CPU
		{706DDB3D-29C2-49E0-9D52-0DA38162FE32}.Release|Any CPU.Build.0 = Release|Any CPU
		{65811BA7-8389-4760-83C3-AC8246B75A46}.Debug|Any CPU.ActiveCfg = Debug|Any CPU
		{65811BA7-8389-4760-83C3-AC8246B75A46}.Debug|Any CPU.Build.0 = Debug|Any CPU
		{65811BA7-8389-4760-83C3-AC8246B75A46}.Release|Any CPU.ActiveCfg = Release|Any CPU
		{65811BA7-8389-4760-83C3-AC8246B75A46}.Release|Any CPU.Build.0 = Release|Any CPU
		{661D78BD-3704-4A91-B9D0-EA702CC259D7}.Debug|Any CPU.ActiveCfg = Debug|Any CPU
		{661D78BD-3704-4A91-B9D0-EA702CC259D7}.Debug|Any CPU.Build.0 = Debug|Any CPU
		{661D78BD-3704-4A91-B9D0-EA702CC259D7}.Release|Any CPU.ActiveCfg = Release|Any CPU
		{661D78BD-3704-4A91-B9D0-EA702CC259D7}.Release|Any CPU.Build.0 = Release|Any CPU
		{D6326EFC-EB44-4492-8EF7-7AE91768D78B}.Debug|Any CPU.ActiveCfg = Debug|Any CPU
		{D6326EFC-EB44-4492-8EF7-7AE91768D78B}.Debug|Any CPU.Build.0 = Debug|Any CPU
		{D6326EFC-EB44-4492-8EF7-7AE91768D78B}.Release|Any CPU.ActiveCfg = Release|Any CPU
		{D6326EFC-EB44-4492-8EF7-7AE91768D78B}.Release|Any CPU.Build.0 = Release|Any CPU
		{24A8A22F-A66E-4229-8A02-0FBF1437D35A}.Debug|Any CPU.ActiveCfg = Debug|Any CPU
		{24A8A22F-A66E-4229-8A02-0FBF1437D35A}.Debug|Any CPU.Build.0 = Debug|Any CPU
		{24A8A22F-A66E-4229-8A02-0FBF1437D35A}.Release|Any CPU.ActiveCfg = Release|Any CPU
		{24A8A22F-A66E-4229-8A02-0FBF1437D35A}.Release|Any CPU.Build.0 = Release|Any CPU
		{5090E4A1-B850-490C-838E-C65B6829164B}.Debug|Any CPU.ActiveCfg = Debug|Any CPU
		{5090E4A1-B850-490C-838E-C65B6829164B}.Debug|Any CPU.Build.0 = Debug|Any CPU
		{5090E4A1-B850-490C-838E-C65B6829164B}.Release|Any CPU.ActiveCfg = Release|Any CPU
		{5090E4A1-B850-490C-838E-C65B6829164B}.Release|Any CPU.Build.0 = Release|Any CPU
		{3EAF9243-361C-49F9-8745-119475A59864}.Debug|Any CPU.ActiveCfg = Debug|Any CPU
		{3EAF9243-361C-49F9-8745-119475A59864}.Debug|Any CPU.Build.0 = Debug|Any CPU
		{3EAF9243-361C-49F9-8745-119475A59864}.Release|Any CPU.ActiveCfg = Release|Any CPU
		{3EAF9243-361C-49F9-8745-119475A59864}.Release|Any CPU.Build.0 = Release|Any CPU
		{5972A63E-7A10-4C0E-8C51-479DFAC93C3A}.Debug|Any CPU.ActiveCfg = Debug|Any CPU
		{5972A63E-7A10-4C0E-8C51-479DFAC93C3A}.Debug|Any CPU.Build.0 = Debug|Any CPU
		{5972A63E-7A10-4C0E-8C51-479DFAC93C3A}.Release|Any CPU.ActiveCfg = Release|Any CPU
		{5972A63E-7A10-4C0E-8C51-479DFAC93C3A}.Release|Any CPU.Build.0 = Release|Any CPU
		{6D781562-4782-48E8-BB9B-8AB04E4D2060}.Debug|Any CPU.ActiveCfg = Debug|Any CPU
		{6D781562-4782-48E8-BB9B-8AB04E4D2060}.Debug|Any CPU.Build.0 = Debug|Any CPU
		{6D781562-4782-48E8-BB9B-8AB04E4D2060}.Release|Any CPU.ActiveCfg = Release|Any CPU
		{6D781562-4782-48E8-BB9B-8AB04E4D2060}.Release|Any CPU.Build.0 = Release|Any CPU
		{4F0882CC-8C17-4FC4-AF95-7D1CBF8198AA}.Debug|Any CPU.ActiveCfg = Debug|Any CPU
		{4F0882CC-8C17-4FC4-AF95-7D1CBF8198AA}.Debug|Any CPU.Build.0 = Debug|Any CPU
		{4F0882CC-8C17-4FC4-AF95-7D1CBF8198AA}.Release|Any CPU.ActiveCfg = Release|Any CPU
		{4F0882CC-8C17-4FC4-AF95-7D1CBF8198AA}.Release|Any CPU.Build.0 = Release|Any CPU
		{BB20C710-A278-46C3-9752-7037CABA9005}.Debug|Any CPU.ActiveCfg = Debug|Any CPU
		{BB20C710-A278-46C3-9752-7037CABA9005}.Debug|Any CPU.Build.0 = Debug|Any CPU
		{BB20C710-A278-46C3-9752-7037CABA9005}.Release|Any CPU.ActiveCfg = Release|Any CPU
		{BB20C710-A278-46C3-9752-7037CABA9005}.Release|Any CPU.Build.0 = Release|Any CPU
		{C6D0CBDE-6E3B-4E59-83EB-D1E5298AF4D6}.Debug|Any CPU.ActiveCfg = Debug|Any CPU
		{C6D0CBDE-6E3B-4E59-83EB-D1E5298AF4D6}.Debug|Any CPU.Build.0 = Debug|Any CPU
		{C6D0CBDE-6E3B-4E59-83EB-D1E5298AF4D6}.Release|Any CPU.ActiveCfg = Release|Any CPU
		{C6D0CBDE-6E3B-4E59-83EB-D1E5298AF4D6}.Release|Any CPU.Build.0 = Release|Any CPU
		{F9A7E18B-EAB0-4364-AE3E-B91860B83552}.Debug|Any CPU.ActiveCfg = Debug|Any CPU
		{F9A7E18B-EAB0-4364-AE3E-B91860B83552}.Debug|Any CPU.Build.0 = Debug|Any CPU
		{F9A7E18B-EAB0-4364-AE3E-B91860B83552}.Release|Any CPU.ActiveCfg = Release|Any CPU
		{F9A7E18B-EAB0-4364-AE3E-B91860B83552}.Release|Any CPU.Build.0 = Release|Any CPU
		{1B1AB8EB-2C71-401F-A78A-21B650A5F5E9}.Debug|Any CPU.ActiveCfg = Debug|Any CPU
		{1B1AB8EB-2C71-401F-A78A-21B650A5F5E9}.Debug|Any CPU.Build.0 = Debug|Any CPU
		{1B1AB8EB-2C71-401F-A78A-21B650A5F5E9}.Release|Any CPU.ActiveCfg = Release|Any CPU
		{1B1AB8EB-2C71-401F-A78A-21B650A5F5E9}.Release|Any CPU.Build.0 = Release|Any CPU
		{BF7FBAA8-6BE5-4436-BF23-735C368E87BA}.Debug|Any CPU.ActiveCfg = Debug|Any CPU
		{BF7FBAA8-6BE5-4436-BF23-735C368E87BA}.Debug|Any CPU.Build.0 = Debug|Any CPU
		{BF7FBAA8-6BE5-4436-BF23-735C368E87BA}.Release|Any CPU.ActiveCfg = Release|Any CPU
		{BF7FBAA8-6BE5-4436-BF23-735C368E87BA}.Release|Any CPU.Build.0 = Release|Any CPU
		{5BD90716-DD9B-4CE6-8AFF-22A51E71646A}.Debug|Any CPU.ActiveCfg = Debug|Any CPU
		{5BD90716-DD9B-4CE6-8AFF-22A51E71646A}.Debug|Any CPU.Build.0 = Debug|Any CPU
		{5BD90716-DD9B-4CE6-8AFF-22A51E71646A}.Release|Any CPU.ActiveCfg = Release|Any CPU
		{5BD90716-DD9B-4CE6-8AFF-22A51E71646A}.Release|Any CPU.Build.0 = Release|Any CPU
		{E59EAD48-A3B7-4C81-B474-CD00DFE20034}.Debug|Any CPU.ActiveCfg = Debug|Any CPU
		{E59EAD48-A3B7-4C81-B474-CD00DFE20034}.Debug|Any CPU.Build.0 = Debug|Any CPU
		{E59EAD48-A3B7-4C81-B474-CD00DFE20034}.Release|Any CPU.ActiveCfg = Release|Any CPU
		{E59EAD48-A3B7-4C81-B474-CD00DFE20034}.Release|Any CPU.Build.0 = Release|Any CPU
		{A06DF608-FD30-4853-9529-CD6068F3B984}.Debug|Any CPU.ActiveCfg = Debug|Any CPU
		{A06DF608-FD30-4853-9529-CD6068F3B984}.Debug|Any CPU.Build.0 = Debug|Any CPU
		{A06DF608-FD30-4853-9529-CD6068F3B984}.Release|Any CPU.ActiveCfg = Release|Any CPU
		{A06DF608-FD30-4853-9529-CD6068F3B984}.Release|Any CPU.Build.0 = Release|Any CPU
		{E42948E9-1015-424C-A35D-711FD637D8E7}.Debug|Any CPU.ActiveCfg = Debug|Any CPU
		{E42948E9-1015-424C-A35D-711FD637D8E7}.Debug|Any CPU.Build.0 = Debug|Any CPU
		{E42948E9-1015-424C-A35D-711FD637D8E7}.Release|Any CPU.ActiveCfg = Release|Any CPU
		{E42948E9-1015-424C-A35D-711FD637D8E7}.Release|Any CPU.Build.0 = Release|Any CPU
		{4B1B1C79-846F-47FC-B4D4-14C020861E48}.Debug|Any CPU.ActiveCfg = Debug|Any CPU
		{4B1B1C79-846F-47FC-B4D4-14C020861E48}.Debug|Any CPU.Build.0 = Debug|Any CPU
		{4B1B1C79-846F-47FC-B4D4-14C020861E48}.Release|Any CPU.ActiveCfg = Release|Any CPU
		{4B1B1C79-846F-47FC-B4D4-14C020861E48}.Release|Any CPU.Build.0 = Release|Any CPU
		{BC16A3F4-5F89-4C82-93A3-C19B19F4C02E}.Debug|Any CPU.ActiveCfg = Debug|Any CPU
		{BC16A3F4-5F89-4C82-93A3-C19B19F4C02E}.Debug|Any CPU.Build.0 = Debug|Any CPU
		{BC16A3F4-5F89-4C82-93A3-C19B19F4C02E}.Release|Any CPU.ActiveCfg = Release|Any CPU
		{BC16A3F4-5F89-4C82-93A3-C19B19F4C02E}.Release|Any CPU.Build.0 = Release|Any CPU
		{7DE52FB6-CD91-46F1-BAA4-A6A4CA7DFA76}.Debug|Any CPU.ActiveCfg = Debug|Any CPU
		{7DE52FB6-CD91-46F1-BAA4-A6A4CA7DFA76}.Debug|Any CPU.Build.0 = Debug|Any CPU
		{7DE52FB6-CD91-46F1-BAA4-A6A4CA7DFA76}.Release|Any CPU.ActiveCfg = Release|Any CPU
		{7DE52FB6-CD91-46F1-BAA4-A6A4CA7DFA76}.Release|Any CPU.Build.0 = Release|Any CPU
		{FCACDD12-1D37-4EA3-ACBF-211319D8C503}.Debug|Any CPU.ActiveCfg = Debug|Any CPU
		{FCACDD12-1D37-4EA3-ACBF-211319D8C503}.Debug|Any CPU.Build.0 = Debug|Any CPU
		{FCACDD12-1D37-4EA3-ACBF-211319D8C503}.Release|Any CPU.ActiveCfg = Release|Any CPU
		{FCACDD12-1D37-4EA3-ACBF-211319D8C503}.Release|Any CPU.Build.0 = Release|Any CPU
		{CFA3DE3A-3287-4F03-ACB9-B76BE42C1656}.Debug|Any CPU.ActiveCfg = Debug|Any CPU
		{CFA3DE3A-3287-4F03-ACB9-B76BE42C1656}.Debug|Any CPU.Build.0 = Debug|Any CPU
		{CFA3DE3A-3287-4F03-ACB9-B76BE42C1656}.Release|Any CPU.ActiveCfg = Release|Any CPU
		{CFA3DE3A-3287-4F03-ACB9-B76BE42C1656}.Release|Any CPU.Build.0 = Release|Any CPU
		{A39749D4-3A87-4359-BF48-F626BC6F1885}.Debug|Any CPU.ActiveCfg = Debug|Any CPU
		{A39749D4-3A87-4359-BF48-F626BC6F1885}.Debug|Any CPU.Build.0 = Debug|Any CPU
		{A39749D4-3A87-4359-BF48-F626BC6F1885}.Release|Any CPU.ActiveCfg = Release|Any CPU
		{A39749D4-3A87-4359-BF48-F626BC6F1885}.Release|Any CPU.Build.0 = Release|Any CPU
		{F83F617C-61AE-4F41-BF8C-68ADB250858A}.Debug|Any CPU.ActiveCfg = Debug|Any CPU
		{F83F617C-61AE-4F41-BF8C-68ADB250858A}.Debug|Any CPU.Build.0 = Debug|Any CPU
		{F83F617C-61AE-4F41-BF8C-68ADB250858A}.Release|Any CPU.ActiveCfg = Release|Any CPU
		{F83F617C-61AE-4F41-BF8C-68ADB250858A}.Release|Any CPU.Build.0 = Release|Any CPU
		{42D59EEE-9F04-423A-881F-A33B78762629}.Debug|Any CPU.ActiveCfg = Debug|Any CPU
		{42D59EEE-9F04-423A-881F-A33B78762629}.Debug|Any CPU.Build.0 = Debug|Any CPU
		{42D59EEE-9F04-423A-881F-A33B78762629}.Release|Any CPU.ActiveCfg = Release|Any CPU
		{42D59EEE-9F04-423A-881F-A33B78762629}.Release|Any CPU.Build.0 = Release|Any CPU
		{536C2ADD-2BBB-453E-AC17-3D87B2595BBB}.Debug|Any CPU.ActiveCfg = Debug|Any CPU
		{536C2ADD-2BBB-453E-AC17-3D87B2595BBB}.Debug|Any CPU.Build.0 = Debug|Any CPU
		{536C2ADD-2BBB-453E-AC17-3D87B2595BBB}.Release|Any CPU.ActiveCfg = Release|Any CPU
		{536C2ADD-2BBB-453E-AC17-3D87B2595BBB}.Release|Any CPU.Build.0 = Release|Any CPU
		{6F8DF2BA-7BB4-4A6D-8FB3-7140712F938E}.Debug|Any CPU.ActiveCfg = Debug|Any CPU
		{6F8DF2BA-7BB4-4A6D-8FB3-7140712F938E}.Debug|Any CPU.Build.0 = Debug|Any CPU
		{6F8DF2BA-7BB4-4A6D-8FB3-7140712F938E}.Release|Any CPU.ActiveCfg = Release|Any CPU
		{6F8DF2BA-7BB4-4A6D-8FB3-7140712F938E}.Release|Any CPU.Build.0 = Release|Any CPU
		{2CF23060-8E1B-4858-AD69-834ED4E64C6C}.Debug|Any CPU.ActiveCfg = Debug|Any CPU
		{2CF23060-8E1B-4858-AD69-834ED4E64C6C}.Debug|Any CPU.Build.0 = Debug|Any CPU
		{2CF23060-8E1B-4858-AD69-834ED4E64C6C}.Release|Any CPU.ActiveCfg = Release|Any CPU
		{2CF23060-8E1B-4858-AD69-834ED4E64C6C}.Release|Any CPU.Build.0 = Release|Any CPU
		{82243195-2482-476D-8041-7DAB5A0A64A3}.Debug|Any CPU.ActiveCfg = Debug|Any CPU
		{82243195-2482-476D-8041-7DAB5A0A64A3}.Debug|Any CPU.Build.0 = Debug|Any CPU
		{82243195-2482-476D-8041-7DAB5A0A64A3}.Release|Any CPU.ActiveCfg = Release|Any CPU
		{82243195-2482-476D-8041-7DAB5A0A64A3}.Release|Any CPU.Build.0 = Release|Any CPU
		{4EBC0F5D-09AF-415F-AC99-013432DC28D8}.Debug|Any CPU.ActiveCfg = Debug|Any CPU
		{4EBC0F5D-09AF-415F-AC99-013432DC28D8}.Debug|Any CPU.Build.0 = Debug|Any CPU
		{4EBC0F5D-09AF-415F-AC99-013432DC28D8}.Release|Any CPU.ActiveCfg = Release|Any CPU
		{4EBC0F5D-09AF-415F-AC99-013432DC28D8}.Release|Any CPU.Build.0 = Release|Any CPU
		{86A7B04B-EE1A-4797-BAEC-E282578DF169}.Debug|Any CPU.ActiveCfg = Debug|Any CPU
		{86A7B04B-EE1A-4797-BAEC-E282578DF169}.Debug|Any CPU.Build.0 = Debug|Any CPU
		{86A7B04B-EE1A-4797-BAEC-E282578DF169}.Release|Any CPU.ActiveCfg = Release|Any CPU
		{86A7B04B-EE1A-4797-BAEC-E282578DF169}.Release|Any CPU.Build.0 = Release|Any CPU
		{EA04D9CF-EDB8-4C83-B8B4-08EB1ECBB270}.Debug|Any CPU.ActiveCfg = Debug|Any CPU
		{EA04D9CF-EDB8-4C83-B8B4-08EB1ECBB270}.Debug|Any CPU.Build.0 = Debug|Any CPU
		{EA04D9CF-EDB8-4C83-B8B4-08EB1ECBB270}.Release|Any CPU.ActiveCfg = Release|Any CPU
		{EA04D9CF-EDB8-4C83-B8B4-08EB1ECBB270}.Release|Any CPU.Build.0 = Release|Any CPU
		{E95D2D7F-9972-4B2F-AF56-85330EA82D42}.Debug|Any CPU.ActiveCfg = Debug|Any CPU
		{E95D2D7F-9972-4B2F-AF56-85330EA82D42}.Debug|Any CPU.Build.0 = Debug|Any CPU
		{E95D2D7F-9972-4B2F-AF56-85330EA82D42}.Release|Any CPU.ActiveCfg = Release|Any CPU
		{E95D2D7F-9972-4B2F-AF56-85330EA82D42}.Release|Any CPU.Build.0 = Release|Any CPU
		{63F229C3-9907-4BB7-B3CC-054469D66B09}.Debug|Any CPU.ActiveCfg = Debug|Any CPU
		{63F229C3-9907-4BB7-B3CC-054469D66B09}.Debug|Any CPU.Build.0 = Debug|Any CPU
		{63F229C3-9907-4BB7-B3CC-054469D66B09}.Release|Any CPU.ActiveCfg = Release|Any CPU
		{63F229C3-9907-4BB7-B3CC-054469D66B09}.Release|Any CPU.Build.0 = Release|Any CPU
		{05217F7D-9E2B-490B-AA91-09A0EC34821A}.Debug|Any CPU.ActiveCfg = Debug|Any CPU
		{05217F7D-9E2B-490B-AA91-09A0EC34821A}.Debug|Any CPU.Build.0 = Debug|Any CPU
		{05217F7D-9E2B-490B-AA91-09A0EC34821A}.Release|Any CPU.ActiveCfg = Release|Any CPU
		{05217F7D-9E2B-490B-AA91-09A0EC34821A}.Release|Any CPU.Build.0 = Release|Any CPU
		{8EFFAA63-4822-403E-BAF6-FB35AC101904}.Debug|Any CPU.ActiveCfg = Debug|Any CPU
		{8EFFAA63-4822-403E-BAF6-FB35AC101904}.Debug|Any CPU.Build.0 = Debug|Any CPU
		{8EFFAA63-4822-403E-BAF6-FB35AC101904}.Release|Any CPU.ActiveCfg = Release|Any CPU
		{8EFFAA63-4822-403E-BAF6-FB35AC101904}.Release|Any CPU.Build.0 = Release|Any CPU
		{3BA60AE2-1CB1-4A63-8110-D5DD3F73B21E}.Debug|Any CPU.ActiveCfg = Debug|Any CPU
		{3BA60AE2-1CB1-4A63-8110-D5DD3F73B21E}.Debug|Any CPU.Build.0 = Debug|Any CPU
		{3BA60AE2-1CB1-4A63-8110-D5DD3F73B21E}.Release|Any CPU.ActiveCfg = Release|Any CPU
		{3BA60AE2-1CB1-4A63-8110-D5DD3F73B21E}.Release|Any CPU.Build.0 = Release|Any CPU
		{FAAA5DDC-9D51-4D24-B0EF-5989D9E903CC}.Debug|Any CPU.ActiveCfg = Debug|Any CPU
		{FAAA5DDC-9D51-4D24-B0EF-5989D9E903CC}.Debug|Any CPU.Build.0 = Debug|Any CPU
		{FAAA5DDC-9D51-4D24-B0EF-5989D9E903CC}.Release|Any CPU.ActiveCfg = Release|Any CPU
		{FAAA5DDC-9D51-4D24-B0EF-5989D9E903CC}.Release|Any CPU.Build.0 = Release|Any CPU
		{6597CFFF-A4B8-42A2-8987-6DBAD6856028}.Debug|Any CPU.ActiveCfg = Debug|Any CPU
		{6597CFFF-A4B8-42A2-8987-6DBAD6856028}.Debug|Any CPU.Build.0 = Debug|Any CPU
		{6597CFFF-A4B8-42A2-8987-6DBAD6856028}.Release|Any CPU.ActiveCfg = Release|Any CPU
		{6597CFFF-A4B8-42A2-8987-6DBAD6856028}.Release|Any CPU.Build.0 = Release|Any CPU
		{3E47FFB6-2E22-4CB0-B213-EBB124C2D819}.Debug|Any CPU.ActiveCfg = Debug|Any CPU
		{3E47FFB6-2E22-4CB0-B213-EBB124C2D819}.Debug|Any CPU.Build.0 = Debug|Any CPU
		{3E47FFB6-2E22-4CB0-B213-EBB124C2D819}.Release|Any CPU.ActiveCfg = Release|Any CPU
		{3E47FFB6-2E22-4CB0-B213-EBB124C2D819}.Release|Any CPU.Build.0 = Release|Any CPU
		{905D964D-0331-4005-8D6A-6DFD277E930A}.Debug|Any CPU.ActiveCfg = Debug|Any CPU
		{905D964D-0331-4005-8D6A-6DFD277E930A}.Debug|Any CPU.Build.0 = Debug|Any CPU
		{905D964D-0331-4005-8D6A-6DFD277E930A}.Release|Any CPU.ActiveCfg = Release|Any CPU
		{905D964D-0331-4005-8D6A-6DFD277E930A}.Release|Any CPU.Build.0 = Release|Any CPU
		{DC322E6C-7E51-4AE8-8466-C02D2D3A3856}.Debug|Any CPU.ActiveCfg = Debug|Any CPU
		{DC322E6C-7E51-4AE8-8466-C02D2D3A3856}.Debug|Any CPU.Build.0 = Debug|Any CPU
		{DC322E6C-7E51-4AE8-8466-C02D2D3A3856}.Release|Any CPU.ActiveCfg = Release|Any CPU
		{DC322E6C-7E51-4AE8-8466-C02D2D3A3856}.Release|Any CPU.Build.0 = Release|Any CPU
		{90380728-1682-45EA-9981-9165A75B494E}.Debug|Any CPU.ActiveCfg = Debug|Any CPU
		{90380728-1682-45EA-9981-9165A75B494E}.Debug|Any CPU.Build.0 = Debug|Any CPU
		{90380728-1682-45EA-9981-9165A75B494E}.Release|Any CPU.ActiveCfg = Release|Any CPU
		{90380728-1682-45EA-9981-9165A75B494E}.Release|Any CPU.Build.0 = Release|Any CPU
		{505EA738-653F-47A7-8492-F557533B209F}.Debug|Any CPU.ActiveCfg = Debug|Any CPU
		{505EA738-653F-47A7-8492-F557533B209F}.Debug|Any CPU.Build.0 = Debug|Any CPU
		{505EA738-653F-47A7-8492-F557533B209F}.Release|Any CPU.ActiveCfg = Release|Any CPU
		{505EA738-653F-47A7-8492-F557533B209F}.Release|Any CPU.Build.0 = Release|Any CPU
		{4C48DC39-CE98-4907-9A75-AFD84FA29AAE}.Debug|Any CPU.ActiveCfg = Debug|Any CPU
		{4C48DC39-CE98-4907-9A75-AFD84FA29AAE}.Debug|Any CPU.Build.0 = Debug|Any CPU
		{4C48DC39-CE98-4907-9A75-AFD84FA29AAE}.Release|Any CPU.ActiveCfg = Release|Any CPU
		{4C48DC39-CE98-4907-9A75-AFD84FA29AAE}.Release|Any CPU.Build.0 = Release|Any CPU
		{FE7F4914-CE03-4A10-93FA-91D4801FAF3D}.Debug|Any CPU.ActiveCfg = Debug|Any CPU
		{FE7F4914-CE03-4A10-93FA-91D4801FAF3D}.Debug|Any CPU.Build.0 = Debug|Any CPU
		{FE7F4914-CE03-4A10-93FA-91D4801FAF3D}.Release|Any CPU.ActiveCfg = Release|Any CPU
		{FE7F4914-CE03-4A10-93FA-91D4801FAF3D}.Release|Any CPU.Build.0 = Release|Any CPU
		{314921B8-4023-43AA-B122-5B06E95E8C85}.Debug|Any CPU.ActiveCfg = Debug|Any CPU
		{314921B8-4023-43AA-B122-5B06E95E8C85}.Debug|Any CPU.Build.0 = Debug|Any CPU
		{314921B8-4023-43AA-B122-5B06E95E8C85}.Release|Any CPU.ActiveCfg = Release|Any CPU
		{314921B8-4023-43AA-B122-5B06E95E8C85}.Release|Any CPU.Build.0 = Release|Any CPU
		{4283F1EB-605B-4853-A5DB-4CFFD6D7951A}.Debug|Any CPU.ActiveCfg = Debug|Any CPU
		{4283F1EB-605B-4853-A5DB-4CFFD6D7951A}.Debug|Any CPU.Build.0 = Debug|Any CPU
		{4283F1EB-605B-4853-A5DB-4CFFD6D7951A}.Release|Any CPU.ActiveCfg = Release|Any CPU
		{4283F1EB-605B-4853-A5DB-4CFFD6D7951A}.Release|Any CPU.Build.0 = Release|Any CPU
	EndGlobalSection
	GlobalSection(SolutionProperties) = preSolution
		HideSolutionNode = FALSE
	EndGlobalSection
	GlobalSection(NestedProjects) = preSolution
		{B6D22F2A-E93C-4042-9636-C23524111452} = {DD1026D1-F7D1-457A-A027-2F29D828DB2F}
		{AA3D8E8D-312A-4075-89CB-09822E75F75F} = {DD1026D1-F7D1-457A-A027-2F29D828DB2F}
		{AE0F4058-FA9E-4BF4-A95F-4F0C71FF1B9A} = {DD1026D1-F7D1-457A-A027-2F29D828DB2F}
		{2BA2DF95-0D3C-4FB4-8D0A-FCE6C742FB82} = {DD1026D1-F7D1-457A-A027-2F29D828DB2F}
		{770F76DF-A232-40CE-9353-DDBD67669D3E} = {DD1026D1-F7D1-457A-A027-2F29D828DB2F}
		{529550D8-4877-434A-83CE-4EEB1F6B1F9C} = {DD1026D1-F7D1-457A-A027-2F29D828DB2F}
		{DB2FFBD8-91CF-49E3-8B67-20744E71348A} = {DD1026D1-F7D1-457A-A027-2F29D828DB2F}
		{86A7B04B-EE1A-4797-BAEC-E282578DF169} = {DD1026D1-F7D1-457A-A027-2F29D828DB2F}
		{05217F7D-9E2B-490B-AA91-09A0EC34821A} = {DD1026D1-F7D1-457A-A027-2F29D828DB2F}
		{3BA60AE2-1CB1-4A63-8110-D5DD3F73B21E} = {DD1026D1-F7D1-457A-A027-2F29D828DB2F}
		{3E47FFB6-2E22-4CB0-B213-EBB124C2D819} = {DD1026D1-F7D1-457A-A027-2F29D828DB2F}
		{82243195-2482-476D-8041-7DAB5A0A64A3} = {6EF9F543-6B59-4675-82F7-086BA4854E19}
		{4EBC0F5D-09AF-415F-AC99-013432DC28D8} = {6EF9F543-6B59-4675-82F7-086BA4854E19}
		{8EFFAA63-4822-403E-BAF6-FB35AC101904} = {6EF9F543-6B59-4675-82F7-086BA4854E19}
		{FAAA5DDC-9D51-4D24-B0EF-5989D9E903CC} = {6EF9F543-6B59-4675-82F7-086BA4854E19}
		{433DEFAA-990D-470D-9751-959D594B5338} = {4BDCE3ED-5BEB-4E4C-A99E-32FDA15BADA9}
		{CC5AA595-01E0-485A-8D88-541C30755680} = {4BDCE3ED-5BEB-4E4C-A99E-32FDA15BADA9}
		{F1151B5E-5FE7-4B4F-9931-DDDE535D0F57} = {4BDCE3ED-5BEB-4E4C-A99E-32FDA15BADA9}
		{E6F190DD-A2D3-4A79-B480-A3E5A758B3A9} = {4BDCE3ED-5BEB-4E4C-A99E-32FDA15BADA9}
		{37E6252E-1A2A-42E8-ADB1-C56258B851FC} = {4BDCE3ED-5BEB-4E4C-A99E-32FDA15BADA9}
		{96F7F144-6E49-4ED8-998F-CB95A7AB81E3} = {4BDCE3ED-5BEB-4E4C-A99E-32FDA15BADA9}
		{3440E4A9-2B50-4E25-A7D1-4D9D66E6FDDF} = {4BDCE3ED-5BEB-4E4C-A99E-32FDA15BADA9}
		{7C2D4C81-4860-4A16-B6A5-CF46B135A22B} = {4BDCE3ED-5BEB-4E4C-A99E-32FDA15BADA9}
		{706DDB3D-29C2-49E0-9D52-0DA38162FE32} = {4BDCE3ED-5BEB-4E4C-A99E-32FDA15BADA9}
		{65811BA7-8389-4760-83C3-AC8246B75A46} = {4BDCE3ED-5BEB-4E4C-A99E-32FDA15BADA9}
		{661D78BD-3704-4A91-B9D0-EA702CC259D7} = {4BDCE3ED-5BEB-4E4C-A99E-32FDA15BADA9}
		{536C2ADD-2BBB-453E-AC17-3D87B2595BBB} = {4BDCE3ED-5BEB-4E4C-A99E-32FDA15BADA9}
		{E95D2D7F-9972-4B2F-AF56-85330EA82D42} = {4BDCE3ED-5BEB-4E4C-A99E-32FDA15BADA9}
		{63F229C3-9907-4BB7-B3CC-054469D66B09} = {4BDCE3ED-5BEB-4E4C-A99E-32FDA15BADA9}
		{D6326EFC-EB44-4492-8EF7-7AE91768D78B} = {CD33CE8C-0B49-46E1-9E0E-8B5AB10B6411}
		{24A8A22F-A66E-4229-8A02-0FBF1437D35A} = {CD33CE8C-0B49-46E1-9E0E-8B5AB10B6411}
		{5090E4A1-B850-490C-838E-C65B6829164B} = {CD33CE8C-0B49-46E1-9E0E-8B5AB10B6411}
		{3EAF9243-361C-49F9-8745-119475A59864} = {CD33CE8C-0B49-46E1-9E0E-8B5AB10B6411}
		{5972A63E-7A10-4C0E-8C51-479DFAC93C3A} = {CD33CE8C-0B49-46E1-9E0E-8B5AB10B6411}
		{6D781562-4782-48E8-BB9B-8AB04E4D2060} = {CD33CE8C-0B49-46E1-9E0E-8B5AB10B6411}
		{4F0882CC-8C17-4FC4-AF95-7D1CBF8198AA} = {CD33CE8C-0B49-46E1-9E0E-8B5AB10B6411}
		{BB20C710-A278-46C3-9752-7037CABA9005} = {CD33CE8C-0B49-46E1-9E0E-8B5AB10B6411}
		{C6D0CBDE-6E3B-4E59-83EB-D1E5298AF4D6} = {CD33CE8C-0B49-46E1-9E0E-8B5AB10B6411}
		{1B1AB8EB-2C71-401F-A78A-21B650A5F5E9} = {CD33CE8C-0B49-46E1-9E0E-8B5AB10B6411}
		{BF7FBAA8-6BE5-4436-BF23-735C368E87BA} = {CD33CE8C-0B49-46E1-9E0E-8B5AB10B6411}
		{EA04D9CF-EDB8-4C83-B8B4-08EB1ECBB270} = {CD33CE8C-0B49-46E1-9E0E-8B5AB10B6411}
		{F9A7E18B-EAB0-4364-AE3E-B91860B83552} = {12C78F8C-87CA-495C-97FD-FAC40A82BAAD}
		{5BD90716-DD9B-4CE6-8AFF-22A51E71646A} = {12C78F8C-87CA-495C-97FD-FAC40A82BAAD}
		{E59EAD48-A3B7-4C81-B474-CD00DFE20034} = {12C78F8C-87CA-495C-97FD-FAC40A82BAAD}
		{A06DF608-FD30-4853-9529-CD6068F3B984} = {12C78F8C-87CA-495C-97FD-FAC40A82BAAD}
		{E42948E9-1015-424C-A35D-711FD637D8E7} = {12C78F8C-87CA-495C-97FD-FAC40A82BAAD}
		{4B1B1C79-846F-47FC-B4D4-14C020861E48} = {12C78F8C-87CA-495C-97FD-FAC40A82BAAD}
		{BC16A3F4-5F89-4C82-93A3-C19B19F4C02E} = {12C78F8C-87CA-495C-97FD-FAC40A82BAAD}
		{7DE52FB6-CD91-46F1-BAA4-A6A4CA7DFA76} = {12C78F8C-87CA-495C-97FD-FAC40A82BAAD}
		{FCACDD12-1D37-4EA3-ACBF-211319D8C503} = {12C78F8C-87CA-495C-97FD-FAC40A82BAAD}
		{CFA3DE3A-3287-4F03-ACB9-B76BE42C1656} = {12C78F8C-87CA-495C-97FD-FAC40A82BAAD}
		{A39749D4-3A87-4359-BF48-F626BC6F1885} = {12C78F8C-87CA-495C-97FD-FAC40A82BAAD}
		{F83F617C-61AE-4F41-BF8C-68ADB250858A} = {12C78F8C-87CA-495C-97FD-FAC40A82BAAD}
		{42D59EEE-9F04-423A-881F-A33B78762629} = {12C78F8C-87CA-495C-97FD-FAC40A82BAAD}
		{6F8DF2BA-7BB4-4A6D-8FB3-7140712F938E} = {12C78F8C-87CA-495C-97FD-FAC40A82BAAD}
		{6597CFFF-A4B8-42A2-8987-6DBAD6856028} = {12C78F8C-87CA-495C-97FD-FAC40A82BAAD}
		{905D964D-0331-4005-8D6A-6DFD277E930A} = {12C78F8C-87CA-495C-97FD-FAC40A82BAAD}
		{DC322E6C-7E51-4AE8-8466-C02D2D3A3856} = {12C78F8C-87CA-495C-97FD-FAC40A82BAAD}
		{90380728-1682-45EA-9981-9165A75B494E} = {72F73AEA-13FC-4F77-A94B-787EE1514A0A}
		{505EA738-653F-47A7-8492-F557533B209F} = {72F73AEA-13FC-4F77-A94B-787EE1514A0A}
		{4C48DC39-CE98-4907-9A75-AFD84FA29AAE} = {72F73AEA-13FC-4F77-A94B-787EE1514A0A}
		{FE7F4914-CE03-4A10-93FA-91D4801FAF3D} = {72F73AEA-13FC-4F77-A94B-787EE1514A0A}
		{314921B8-4023-43AA-B122-5B06E95E8C85} = {72F73AEA-13FC-4F77-A94B-787EE1514A0A}
		{4283F1EB-605B-4853-A5DB-4CFFD6D7951A} = {72F73AEA-13FC-4F77-A94B-787EE1514A0A}
	EndGlobalSection
EndGlobal
